
Microsoft Visual Studio Solution File, Format Version 12.00
# Visual Studio Version 16
VisualStudioVersion = 16.0.29025.244
MinimumVisualStudioVersion = 10.0.40219.1
Project("{FAE04EC0-301F-11D3-BF4B-00C04F79EFBC}") = "Day2Examples", "Day2Examples\Day2Examples.csproj", "{07A4DE56-F98F-4582-9111-76D9E4D1A059}"
EndProject
Global
	GlobalSection(SolutionConfigurationPlatforms) = preSolution
		Debug|Any CPU = Debug|Any CPU
		Release|Any CPU = Release|Any CPU
	EndGlobalSection
	GlobalSection(ProjectConfigurationPlatforms) = postSolution
		{07A4DE56-F98F-4582-9111-76D9E4D1A059}.Debug|Any CPU.ActiveCfg = Debug|Any CPU
		{07A4DE56-F98F-4582-9111-76D9E4D1A059}.Debug|Any CPU.Build.0 = Debug|Any CPU
		{07A4DE56-F98F-4582-9111-76D9E4D1A059}.Release|Any CPU.ActiveCfg = Release|Any CPU
		{07A4DE56-F98F-4582-9111-76D9E4D1A059}.Release|Any CPU.Build.0 = Release|Any CPU
	EndGlobalSection
	GlobalSection(SolutionProperties) = preSolution
		HideSolutionNode = FALSE
	EndGlobalSection
	GlobalSection(ExtensibilityGlobals) = postSolution
		SolutionGuid = {4BFBAB29-75AA-4C32-9A83-8AFD5929CFF1}
	EndGlobalSection
EndGlobal
